
Microsoft Visual Studio Solution File, Format Version 12.00
# Visual Studio Version 17
VisualStudioVersion = 17.9.34728.123
MinimumVisualStudioVersion = 10.0.40219.1
Project("{FAE04EC0-301F-11D3-BF4B-00C04F79EFBC}") = "weather_back", "weather_back.csproj", "{40C8CC50-C245-4656-B384-2E279DB744FF}"
EndProject
Global
	GlobalSection(SolutionConfigurationPlatforms) = preSolution
		Debug|Any CPU = Debug|Any CPU
		Release|Any CPU = Release|Any CPU
	EndGlobalSection
	GlobalSection(ProjectConfigurationPlatforms) = postSolution
		{40C8CC50-C245-4656-B384-2E279DB744FF}.Debug|Any CPU.ActiveCfg = Debug|Any CPU
		{40C8CC50-C245-4656-B384-2E279DB744FF}.Debug|Any CPU.Build.0 = Debug|Any CPU
		{40C8CC50-C245-4656-B384-2E279DB744FF}.Release|Any CPU.ActiveCfg = Release|Any CPU
		{40C8CC50-C245-4656-B384-2E279DB744FF}.Release|Any CPU.Build.0 = Release|Any CPU
	EndGlobalSection
	GlobalSection(SolutionProperties) = preSolution
		HideSolutionNode = FALSE
	EndGlobalSection
	GlobalSection(ExtensibilityGlobals) = postSolution
		SolutionGuid = {DBECF1B7-5E9A-46C3-A0B0-AC284F075189}
	EndGlobalSection
EndGlobal
